
Microsoft Visual Studio Solution File, Format Version 12.00
# Visual Studio Version 16
VisualStudioVersion = 16.0.30330.147
MinimumVisualStudioVersion = 10.0.40219.1
Project("{9A19103F-16F7-4668-BE54-9A1E7A4F7556}") = "BlazorSkola.Server", "BlazorSkola\Server\BlazorSkola.Server.csproj", "{DC9E8B9A-60A6-45A3-AB89-E56CA83B36C6}"
EndProject
Project("{9A19103F-16F7-4668-BE54-9A1E7A4F7556}") = "BlazorSkola.Client", "BlazorSkola\Client\BlazorSkola.Client.csproj", "{B0E7BCF3-8A91-4C58-AC19-B47342C3DEA4}"
EndProject
Project("{9A19103F-16F7-4668-BE54-9A1E7A4F7556}") = "BlazorSkola.Shared", "BlazorSkola\Shared\BlazorSkola.Shared.csproj", "{5B8F821A-87F1-40CC-B952-B63758C3E412}"
EndProject
Global
	GlobalSection(SolutionConfigurationPlatforms) = preSolution
		Debug|Any CPU = Debug|Any CPU
		Release|Any CPU = Release|Any CPU
	EndGlobalSection
	GlobalSection(ProjectConfigurationPlatforms) = postSolution
		{DC9E8B9A-60A6-45A3-AB89-E56CA83B36C6}.Debug|Any CPU.ActiveCfg = Debug|Any CPU
		{DC9E8B9A-60A6-45A3-AB89-E56CA83B36C6}.Debug|Any CPU.Build.0 = Debug|Any CPU
		{DC9E8B9A-60A6-45A3-AB89-E56CA83B36C6}.Release|Any CPU.ActiveCfg = Release|Any CPU
		{DC9E8B9A-60A6-45A3-AB89-E56CA83B36C6}.Release|Any CPU.Build.0 = Release|Any CPU
		{B0E7BCF3-8A91-4C58-AC19-B47342C3DEA4}.Debug|Any CPU.ActiveCfg = Debug|Any CPU
		{B0E7BCF3-8A91-4C58-AC19-B47342C3DEA4}.Debug|Any CPU.Build.0 = Debug|Any CPU
		{B0E7BCF3-8A91-4C58-AC19-B47342C3DEA4}.Release|Any CPU.ActiveCfg = Release|Any CPU
		{B0E7BCF3-8A91-4C58-AC19-B47342C3DEA4}.Release|Any CPU.Build.0 = Release|Any CPU
		{5B8F821A-87F1-40CC-B952-B63758C3E412}.Debug|Any CPU.ActiveCfg = Debug|Any CPU
		{5B8F821A-87F1-40CC-B952-B63758C3E412}.Debug|Any CPU.Build.0 = Debug|Any CPU
		{5B8F821A-87F1-40CC-B952-B63758C3E412}.Release|Any CPU.ActiveCfg = Release|Any CPU
		{5B8F821A-87F1-40CC-B952-B63758C3E412}.Release|Any CPU.Build.0 = Release|Any CPU
	EndGlobalSection
	GlobalSection(SolutionProperties) = preSolution
		HideSolutionNode = FALSE
	EndGlobalSection
	GlobalSection(ExtensibilityGlobals) = postSolution
		SolutionGuid = {73D78356-2D0C-470A-A068-07EC1023C827}
	EndGlobalSection
EndGlobal
